{
  "projects": [
    {
      "projectId": "84wxoth5npGrp6RRXPL88z",
      "version": "4.2.0",
      "dependencies": {},
      "lang": "ts",
      "fileLocks": [
        {
          "assetId": "84wxoth5npGrp6RRXPL88z",
          "type": "projectCss",
          "checksum": "9b42bcc01d2c969d912958d61431de9e"
        },
        {
          "assetId": "84wxoth5npGrp6RRXPL88z",
          "checksum": "b2ce5fdf753761f5713b1026b9e65539",
          "type": "globalContexts"
        }
      ],
      "codegenVersion": "0.0.1"
    },
    {
      "projectId": "58GpZjZCWTaJ8AUhpCwt2K",
      "version": "3.2.0",
      "dependencies": {},
      "lang": "ts",
      "fileLocks": [
        {
          "assetId": "58GpZjZCWTaJ8AUhpCwt2K",
          "type": "projectCss",
          "checksum": "203eab818de16ff03ef7f22934a9c9f1"
        }
      ],
      "codegenVersion": "0.0.1"
    },
    {
      "projectId": "j5CDP9MgqbRapi7mxENKQG",
      "version": "latest",
      "dependencies": {
        "58GpZjZCWTaJ8AUhpCwt2K": "3.6.0",
        "84wxoth5npGrp6RRXPL88z": "4.6.0"
      },
      "lang": "ts",
      "fileLocks": [
        {
          "type": "globalVariant",
          "assetId": "i1epI54SD5xS4r",
          "checksum": "ca9578b036260bafcfff9f5308e696d3"
        },
        {
          "assetId": "j5CDP9MgqbRapi7mxENKQG",
          "checksum": "199f8f2c017bcbf20d1683f4df409fba",
          "type": "globalContexts"
        },
        {
          "type": "renderModule",
          "assetId": "o9LGBwNid8E-e",
          "checksum": "0036984e93c4f578b9158059d652b404"
        },
        {
          "type": "cssRules",
          "assetId": "o9LGBwNid8E-e",
          "checksum": "0036984e93c4f578b9158059d652b404"
        },
        {
          "type": "renderModule",
          "assetId": "a9hmcfoqSQcWZ",
          "checksum": "494069513fc6c538ad87f18b8441a25f"
        },
        {
          "type": "cssRules",
          "assetId": "a9hmcfoqSQcWZ",
          "checksum": "494069513fc6c538ad87f18b8441a25f"
        },
        {
          "type": "renderModule",
          "assetId": "FxeHyubbo0Q8o",
          "checksum": "c1978ef2821153d7fd246eea60716aaf"
        },
        {
          "type": "cssRules",
          "assetId": "FxeHyubbo0Q8o",
          "checksum": "c1978ef2821153d7fd246eea60716aaf"
        },
        {
          "type": "renderModule",
          "assetId": "TW0Ca_Ns9A2yO",
          "checksum": "203b9db893ab0144e077d2f92599b913"
        },
        {
          "type": "cssRules",
          "assetId": "TW0Ca_Ns9A2yO",
          "checksum": "203b9db893ab0144e077d2f92599b913"
        },
        {
          "type": "renderModule",
          "assetId": "0jfYEX-SfGn8K",
          "checksum": "39b04d2fcfa3a95eb17a98bb419e5b7b"
        },
        {
          "type": "cssRules",
          "assetId": "0jfYEX-SfGn8K",
          "checksum": "39b04d2fcfa3a95eb17a98bb419e5b7b"
        },
        {
          "type": "renderModule",
          "assetId": "-rZ2FLCY9RqHCq",
          "checksum": "787d3594c13d0d55fa79447d61a3c073"
        },
        {
          "type": "cssRules",
          "assetId": "-rZ2FLCY9RqHCq",
          "checksum": "787d3594c13d0d55fa79447d61a3c073"
        },
        {
          "type": "renderModule",
          "assetId": "TpXp-HtNY_R",
          "checksum": "1a989042a7c9f4fc79fe60144ca76e4b"
        },
        {
          "type": "cssRules",
          "assetId": "TpXp-HtNY_R",
          "checksum": "1a989042a7c9f4fc79fe60144ca76e4b"
        },
        {
          "type": "icon",
          "assetId": "SpSM8I8Z8pYH6F",
          "checksum": "b98312ff12358e33ca88304e15df1f3e"
        },
        {
          "type": "icon",
          "assetId": "GDo5sayAt37nOm",
          "checksum": "f168bbf158982576b0811cd1481993bd"
        },
        {
          "type": "icon",
          "assetId": "awgxW5ZUPDKTds",
          "checksum": "b4250bd8d779356b034144d64c9f1e70"
        },
        {
          "type": "image",
          "assetId": "xUdITNoqUxIjj4",
          "checksum": "bd35e7dc3d6dbc9b730a2ed936f83ff6"
        },
        {
          "type": "image",
          "assetId": "dt8Q0T8uNZIa1E",
          "checksum": "889120baa635145d5d9e50b8946eccb4"
        },
        {
          "type": "image",
          "assetId": "t3SHQhMvC4NAuG",
          "checksum": "fb6506f9c47c8fe39298179ac0c978a0"
        },
        {
          "type": "renderModule",
          "assetId": "hb8wjuDZPDE",
          "checksum": "64d2b80ee4b26c3ed93c43259f2c5526"
        },
        {
          "type": "cssRules",
          "assetId": "hb8wjuDZPDE",
          "checksum": "64d2b80ee4b26c3ed93c43259f2c5526"
        },
        {
          "type": "image",
          "assetId": "4qAkCZinU",
          "checksum": "809d65993469b39cdf864c63723d4a59"
        },
        {
          "type": "renderModule",
          "assetId": "gr_eq2hlK0",
          "checksum": "b4e1fca6b126dc4ccdaa4d2447f775ca"
        },
        {
          "type": "cssRules",
          "assetId": "gr_eq2hlK0",
          "checksum": "b4e1fca6b126dc4ccdaa4d2447f775ca"
        },
        {
          "type": "image",
          "assetId": "L6zFLXb07",
          "checksum": "e2063382a2f130ab650bd43021d7dbe5"
        },
        {
          "type": "image",
          "assetId": "rqpfMjqq1",
          "checksum": "fc84476fb4776d0b7843335e49b252a2"
        },
        {
          "type": "image",
          "assetId": "sKTYnwe46",
          "checksum": "7321ca0d2e7709a935fbc37ac0be7c13"
        },
        {
          "type": "image",
          "assetId": "6a39mu0mO",
          "checksum": "0182a3a75c602bafcae504bb56ac6607"
        },
        {
          "type": "image",
          "assetId": "-nI20k-bB",
          "checksum": "6226b6c37646ad2538abb9dc8bc7f779"
        },
        {
          "type": "image",
          "assetId": "5oWUuqkaS",
          "checksum": "fd32fe8628f9341552d733f73e97a80b"
        },
        {
          "type": "image",
          "assetId": "5SdSeqe4q",
          "checksum": "8d5b1905b43baa0ffae3cd081ff8ff6a"
        },
        {
          "type": "renderModule",
          "assetId": "BP2l_uTL3G7",
          "checksum": "3676fe7bb997f65ff379b1cddb34da50"
        },
        {
          "type": "cssRules",
          "assetId": "BP2l_uTL3G7",
          "checksum": "3676fe7bb997f65ff379b1cddb34da50"
        },
        {
          "type": "renderModule",
          "assetId": "Y2jNpTsOMwD",
          "checksum": "e9e8dcb80e0ed10b44c3fba4c98bfdc5"
        },
        {
          "type": "cssRules",
          "assetId": "Y2jNpTsOMwD",
          "checksum": "e9e8dcb80e0ed10b44c3fba4c98bfdc5"
        },
        {
          "type": "image",
          "assetId": "o0JtabYHV",
          "checksum": "c01dad4a14d105289a5557c0228132f0"
        },
        {
          "type": "renderModule",
          "assetId": "-rNBgT6s2r",
          "checksum": "5e6057ddcaca6deca401bef773db6962"
        },
        {
          "type": "cssRules",
          "assetId": "-rNBgT6s2r",
          "checksum": "5e6057ddcaca6deca401bef773db6962"
        },
        {
          "assetId": "j5CDP9MgqbRapi7mxENKQG",
          "type": "projectCss",
          "checksum": "6587b33cf366f0b7f8690be02f0def8c"
        }
      ],
      "codegenVersion": "0.0.1"
    }
  ],
  "cliVersion": "0.1.186"
}
